// !$*UTF8*$!
{
	archiveVersion = 1;
	classes = {
	};
	objectVersion = 50;
	objects = {

/* Begin PBXBuildFile section */
		A528FB4125BB581000A61ACF /* AppDelegate.swift in Sources */ = {isa = PBXBuildFile; fileRef = A528FB4025BB581000A61ACF /* AppDelegate.swift */; };
		A528FB4325BB581000A61ACF /* SceneDelegate.swift in Sources */ = {isa = PBXBuildFile; fileRef = A528FB4225BB581000A61ACF /* SceneDelegate.swift */; };
		A528FB4525BB581000A61ACF /* ViewController.swift in Sources */ = {isa = PBXBuildFile; fileRef = A528FB4425BB581000A61ACF /* ViewController.swift */; };
		A528FB4825BB581000A61ACF /* Main.storyboard in Resources */ = {isa = PBXBuildFile; fileRef = A528FB4625BB581000A61ACF /* Main.storyboard */; };
		A528FB4A25BB581000A61ACF /* Assets.xcassets in Resources */ = {isa = PBXBuildFile; fileRef = A528FB4925BB581000A61ACF /* Assets.xcassets */; };
		A528FB4D25BB581000A61ACF /* LaunchScreen.storyboard in Resources */ = {isa = PBXBuildFile; fileRef = A528FB4B25BB581000A61ACF /* LaunchScreen.storyboard */; };
		A528FB5825BB581100A61ACF /* AlbumViewerTests.swift in Sources */ = {isa = PBXBuildFile; fileRef = A528FB5725BB581100A61ACF /* AlbumViewerTests.swift */; };
		A528FB6325BB581100A61ACF /* AlbumViewerUITests.swift in Sources */ = {isa = PBXBuildFile; fileRef = A528FB6225BB581100A61ACF /* AlbumViewerUITests.swift */; };
/* End PBXBuildFile section */

/* Begin PBXContainerItemProxy section */
		A528FB5425BB581100A61ACF /* PBXContainerItemProxy */ = {
			isa = PBXContainerItemProxy;
			containerPortal = A528FB3525BB581000A61ACF /* Project object */;
			proxyType = 1;
			remoteGlobalIDString = A528FB3C25BB581000A61ACF;
			remoteInfo = AlbumViewer;
		};
		A528FB5F25BB581100A61ACF /* PBXContainerItemProxy */ = {
			isa = PBXContainerItemProxy;
			containerPortal = A528FB3525BB581000A61ACF /* Project object */;
			proxyType = 1;
			remoteGlobalIDString = A528FB3C25BB581000A61ACF;
			remoteInfo = AlbumViewer;
		};
/* End PBXContainerItemProxy section */

/* Begin PBXFileReference section */
		A528FB3D25BB581000A61ACF /* AlbumViewer.app */ = {isa = PBXFileReference; explicitFileType = wrapper.application; includeInIndex = 0; path = AlbumViewer.app; sourceTree = BUILT_PRODUCTS_DIR; };
		A528FB4025BB581000A61ACF /* AppDelegate.swift */ = {isa = PBXFileReference; lastKnownFileType = sourcecode.swift; path = AppDelegate.swift; sourceTree = "<group>"; };
		A528FB4225BB581000A61ACF /* SceneDelegate.swift */ = {isa = PBXFileReference; lastKnownFileType = sourcecode.swift; path = SceneDelegate.swift; sourceTree = "<group>"; };
		A528FB4425BB581000A61ACF /* ViewController.swift */ = {isa = PBXFileReference; lastKnownFileType = sourcecode.swift; path = ViewController.swift; sourceTree = "<group>"; };
		A528FB4725BB581000A61ACF /* Base */ = {isa = PBXFileReference; lastKnownFileType = file.storyboard; name = Base; path = Base.lproj/Main.storyboard; sourceTree = "<group>"; };
		A528FB4925BB581000A61ACF /* Assets.xcassets */ = {isa = PBXFileReference; lastKnownFileType = folder.assetcatalog; path = Assets.xcassets; sourceTree = "<group>"; };
		A528FB4C25BB581000A61ACF /* Base */ = {isa = PBXFileReference; lastKnownFileType = file.storyboard; name = Base; path = Base.lproj/LaunchScreen.storyboard; sourceTree = "<group>"; };
		A528FB4E25BB581000A61ACF /* Info.plist */ = {isa = PBXFileReference; lastKnownFileType = text.plist.xml; path = Info.plist; sourceTree = "<group>"; };
		A528FB5325BB581100A61ACF /* AlbumViewerTests.xctest */ = {isa = PBXFileReference; explicitFileType = wrapper.cfbundle; includeInIndex = 0; path = AlbumViewerTests.xctest; sourceTree = BUILT_PRODUCTS_DIR; };
		A528FB5725BB581100A61ACF /* AlbumViewerTests.swift */ = {isa = PBXFileReference; lastKnownFileType = sourcecode.swift; path = AlbumViewerTests.swift; sourceTree = "<group>"; };
		A528FB5925BB581100A61ACF /* Info.plist */ = {isa = PBXFileReference; lastKnownFileType = text.plist.xml; path = Info.plist; sourceTree = "<group>"; };
		A528FB5E25BB581100A61ACF /* AlbumViewerUITests.xctest */ = {isa = PBXFileReference; explicitFileType = wrapper.cfbundle; includeInIndex = 0; path = AlbumViewerUITests.xctest; sourceTree = BUILT_PRODUCTS_DIR; };
		A528FB6225BB581100A61ACF /* AlbumViewerUITests.swift */ = {isa = PBXFileReference; lastKnownFileType = sourcecode.swift; path = AlbumViewerUITests.swift; sourceTree = "<group>"; };
		A528FB6425BB581100A61ACF /* Info.plist */ = {isa = PBXFileReference; lastKnownFileType = text.plist.xml; path = Info.plist; sourceTree = "<group>"; };
/* End PBXFileReference section */

/* Begin PBXFrameworksBuildPhase section */
		A528FB3A25BB581000A61ACF /* Frameworks */ = {
			isa = PBXFrameworksBuildPhase;
			buildActionMask = 2147483647;
			files = (
			);
			runOnlyForDeploymentPostprocessing = 0;
		};
		A528FB5025BB581100A61ACF /* Frameworks */ = {
			isa = PBXFrameworksBuildPhase;
			buildActionMask = 2147483647;
			files = (
			);
			runOnlyForDeploymentPostprocessing = 0;
		};
		A528FB5B25BB581100A61ACF /* Frameworks */ = {
			isa = PBXFrameworksBuildPhase;
			buildActionMask = 2147483647;
			files = (
			);
			runOnlyForDeploymentPostprocessing = 0;
		};
/* End PBXFrameworksBuildPhase section */

/* Begin PBXGroup section */
		A528FB3425BB581000A61ACF = {
			isa = PBXGroup;
			children = (
				A528FB3F25BB581000A61ACF /* AlbumViewer */,
				A528FB5625BB581100A61ACF /* AlbumViewerTests */,
				A528FB6125BB581100A61ACF /* AlbumViewerUITests */,
				A528FB3E25BB581000A61ACF /* Products */,
			);
			sourceTree = "<group>";
		};
		A528FB3E25BB581000A61ACF /* Products */ = {
			isa = PBXGroup;
			children = (
				A528FB3D25BB581000A61ACF /* AlbumViewer.app */,
				A528FB5325BB581100A61ACF /* AlbumViewerTests.xctest */,
				A528FB5E25BB581100A61ACF /* AlbumViewerUITests.xctest */,
			);
			name = Products;
			sourceTree = "<group>";
		};
		A528FB3F25BB581000A61ACF /* AlbumViewer */ = {
			isa = PBXGroup;
			children = (
				A528FB4025BB581000A61ACF /* AppDelegate.swift */,
				A528FB4225BB581000A61ACF /* SceneDelegate.swift */,
				A528FB4425BB581000A61ACF /* ViewController.swift */,
				A528FB4625BB581000A61ACF /* Main.storyboard */,
				A528FB4925BB581000A61ACF /* Assets.xcassets */,
				A528FB4B25BB581000A61ACF /* LaunchScreen.storyboard */,
				A528FB4E25BB581000A61ACF /* Info.plist */,
			);
			path = AlbumViewer;
			sourceTree = "<group>";
		};
		A528FB5625BB581100A61ACF /* AlbumViewerTests */ = {
			isa = PBXGroup;
			children = (
				A528FB5725BB581100A61ACF /* AlbumViewerTests.swift */,
				A528FB5925BB581100A61ACF /* Info.plist */,
			);
			path = AlbumViewerTests;
			sourceTree = "<group>";
		};
		A528FB6125BB581100A61ACF /* AlbumViewerUITests */ = {
			isa = PBXGroup;
			children = (
				A528FB6225BB581100A61ACF /* AlbumViewerUITests.swift */,
				A528FB6425BB581100A61ACF /* Info.plist */,
			);
			path = AlbumViewerUITests;
			sourceTree = "<group>";
		};
/* End PBXGroup section */

/* Begin PBXNativeTarget section */
		A528FB3C25BB581000A61ACF /* AlbumViewer */ = {
			isa = PBXNativeTarget;
			buildConfigurationList = A528FB6725BB581100A61ACF /* Build configuration list for PBXNativeTarget "AlbumViewer" */;
			buildPhases = (
				A528FB3925BB581000A61ACF /* Sources */,
				A528FB3A25BB581000A61ACF /* Frameworks */,
				A528FB3B25BB581000A61ACF /* Resources */,
			);
			buildRules = (
			);
			dependencies = (
			);
			name = AlbumViewer;
			productName = AlbumViewer;
			productReference = A528FB3D25BB581000A61ACF /* AlbumViewer.app */;
			productType = "com.apple.product-type.application";
		};
		A528FB5225BB581100A61ACF /* AlbumViewerTests */ = {
			isa = PBXNativeTarget;
			buildConfigurationList = A528FB6A25BB581100A61ACF /* Build configuration list for PBXNativeTarget "AlbumViewerTests" */;
			buildPhases = (
				A528FB4F25BB581100A61ACF /* Sources */,
				A528FB5025BB581100A61ACF /* Frameworks */,
				A528FB5125BB581100A61ACF /* Resources */,
			);
			buildRules = (
			);
			dependencies = (
				A528FB5525BB581100A61ACF /* PBXTargetDependency */,
			);
			name = AlbumViewerTests;
			productName = AlbumViewerTests;
			productReference = A528FB5325BB581100A61ACF /* AlbumViewerTests.xctest */;
			productType = "com.apple.product-type.bundle.unit-test";
		};
		A528FB5D25BB581100A61ACF /* AlbumViewerUITests */ = {
			isa = PBXNativeTarget;
			buildConfigurationList = A528FB6D25BB581100A61ACF /* Build configuration list for PBXNativeTarget "AlbumViewerUITests" */;
			buildPhases = (
				A528FB5A25BB581100A61ACF /* Sources */,
				A528FB5B25BB581100A61ACF /* Frameworks */,
				A528FB5C25BB581100A61ACF /* Resources */,
			);
			buildRules = (
			);
			dependencies = (
				A528FB6025BB581100A61ACF /* PBXTargetDependency */,
			);
			name = AlbumViewerUITests;
			productName = AlbumViewerUITests;
			productReference = A528FB5E25BB581100A61ACF /* AlbumViewerUITests.xctest */;
			productType = "com.apple.product-type.bundle.ui-testing";
		};
/* End PBXNativeTarget section */

/* Begin PBXProject section */
		A528FB3525BB581000A61ACF /* Project object */ = {
			isa = PBXProject;
			attributes = {
				LastSwiftUpdateCheck = 1230;
				LastUpgradeCheck = 1230;
				TargetAttributes = {
					A528FB3C25BB581000A61ACF = {
						CreatedOnToolsVersion = 12.3;
					};
					A528FB5225BB581100A61ACF = {
						CreatedOnToolsVersion = 12.3;
						TestTargetID = A528FB3C25BB581000A61ACF;
					};
					A528FB5D25BB581100A61ACF = {
						CreatedOnToolsVersion = 12.3;
						TestTargetID = A528FB3C25BB581000A61ACF;
					};
				};
			};
			buildConfigurationList = A528FB3825BB581000A61ACF /* Build configuration list for PBXProject "AlbumViewer" */;
			compatibilityVersion = "Xcode 9.3";
			developmentRegion = en;
			hasScannedForEncodings = 0;
			knownRegions = (
				en,
				Base,
			);
			mainGroup = A528FB3425BB581000A61ACF;
			productRefGroup = A528FB3E25BB581000A61ACF /* Products */;
			projectDirPath = "";
			projectRoot = "";
			targets = (
				A528FB3C25BB581000A61ACF /* AlbumViewer */,
				A528FB5225BB581100A61ACF /* AlbumViewerTests */,
				A528FB5D25BB581100A61ACF /* AlbumViewerUITests */,
			);
		};
/* End PBXProject section */

/* Begin PBXResourcesBuildPhase section */
		A528FB3B25BB581000A61ACF /* Resources */ = {
			isa = PBXResourcesBuildPhase;
			buildActionMask = 2147483647;
			files = (
				A528FB4D25BB581000A61ACF /* LaunchScreen.storyboard in Resources */,
				A528FB4A25BB581000A61ACF /* Assets.xcassets in Resources */,
				A528FB4825BB581000A61ACF /* Main.storyboard in Resources */,
			);
			runOnlyForDeploymentPostprocessing = 0;
		};
		A528FB5125BB581100A61ACF /* Resources */ = {
			isa = PBXResourcesBuildPhase;
			buildActionMask = 2147483647;
			files = (
			);
			runOnlyForDeploymentPostprocessing = 0;
		};
		A528FB5C25BB581100A61ACF /* Resources */ = {
			isa = PBXResourcesBuildPhase;
			buildActionMask = 2147483647;
			files = (
			);
			runOnlyForDeploymentPostprocessing = 0;
		};
/* End PBXResourcesBuildPhase section */

/* Begin PBXSourcesBuildPhase section */
		A528FB3925BB581000A61ACF /* Sources */ = {
			isa = PBXSourcesBuildPhase;
			buildActionMask = 2147483647;
			files = (
				A528FB4525BB581000A61ACF /* ViewController.swift in Sources */,
				A528FB4125BB581000A61ACF /* AppDelegate.swift in Sources */,
				A528FB4325BB581000A61ACF /* SceneDelegate.swift in Sources */,
			);
			runOnlyForDeploymentPostprocessing = 0;
		};
		A528FB4F25BB581100A61ACF /* Sources */ = {
			isa = PBXSourcesBuildPhase;
			buildActionMask = 2147483647;
			files = (
				A528FB5825BB581100A61ACF /* AlbumViewerTests.swift in Sources */,
			);
			runOnlyForDeploymentPostprocessing = 0;
		};
		A528FB5A25BB581100A61ACF /* Sources */ = {
			isa = PBXSourcesBuildPhase;
			buildActionMask = 2147483647;
			files = (
				A528FB6325BB581100A61ACF /* AlbumViewerUITests.swift in Sources */,
			);
			runOnlyForDeploymentPostprocessing = 0;
		};
/* End PBXSourcesBuildPhase section */

/* Begin PBXTargetDependency section */
		A528FB5525BB581100A61ACF /* PBXTargetDependency */ = {
			isa = PBXTargetDependency;
			target = A528FB3C25BB581000A61ACF /* AlbumViewer */;
			targetProxy = A528FB5425BB581100A61ACF /* PBXContainerItemProxy */;
		};
		A528FB6025BB581100A61ACF /* PBXTargetDependency */ = {
			isa = PBXTargetDependency;
			target = A528FB3C25BB581000A61ACF /* AlbumViewer */;
			targetProxy = A528FB5F25BB581100A61ACF /* PBXContainerItemProxy */;
		};
/* End PBXTargetDependency section */

/* Begin PBXVariantGroup section */
		A528FB4625BB581000A61ACF /* Main.storyboard */ = {
			isa = PBXVariantGroup;
			children = (
				A528FB4725BB581000A61ACF /* Base */,
			);
			name = Main.storyboard;
			sourceTree = "<group>";
		};
		A528FB4B25BB581000A61ACF /* LaunchScreen.storyboard */ = {
			isa = PBXVariantGroup;
			children = (
				A528FB4C25BB581000A61ACF /* Base */,
			);
			name = LaunchScreen.storyboard;
			sourceTree = "<group>";
		};
/* End PBXVariantGroup section */

/* Begin XCBuildConfiguration section */
		A528FB6525BB581100A61ACF /* Debug */ = {
			isa = XCBuildConfiguration;
			buildSettings = {
				ALWAYS_SEARCH_USER_PATHS = NO;
				CLANG_ANALYZER_NONNULL = YES;
				CLANG_ANALYZER_NUMBER_OBJECT_CONVERSION = YES_AGGRESSIVE;
				CLANG_CXX_LANGUAGE_STANDARD = "gnu++14";
				CLANG_CXX_LIBRARY = "libc++";
				CLANG_ENABLE_MODULES = YES;
				CLANG_ENABLE_OBJC_ARC = YES;
				CLANG_ENABLE_OBJC_WEAK = YES;
				CLANG_WARN_BLOCK_CAPTURE_AUTORELEASING = YES;
				CLANG_WARN_BOOL_CONVERSION = YES;
				CLANG_WARN_COMMA = YES;
				CLANG_WARN_CONSTANT_CONVERSION = YES;
				CLANG_WARN_DEPRECATED_OBJC_IMPLEMENTATIONS = YES;
				CLANG_WARN_DIRECT_OBJC_ISA_USAGE = YES_ERROR;
				CLANG_WARN_DOCUMENTATION_COMMENTS = YES;
				CLANG_WARN_EMPTY_BODY = YES;
				CLANG_WARN_ENUM_CONVERSION = YES;
				CLANG_WARN_INFINITE_RECURSION = YES;
				CLANG_WARN_INT_CONVERSION = YES;
				CLANG_WARN_NON_LITERAL_NULL_CONVERSION = YES;
				CLANG_WARN_OBJC_IMPLICIT_RETAIN_SELF = YES;
				CLANG_WARN_OBJC_LITERAL_CONVERSION = YES;
				CLANG_WARN_OBJC_ROOT_CLASS = YES_ERROR;
				CLANG_WARN_QUOTED_INCLUDE_IN_FRAMEWORK_HEADER = YES;
				CLANG_WARN_RANGE_LOOP_ANALYSIS = YES;
				CLANG_WARN_STRICT_PROTOTYPES = YES;
				CLANG_WARN_SUSPICIOUS_MOVE = YES;
				CLANG_WARN_UNGUARDED_AVAILABILITY = YES_AGGRESSIVE;
				CLANG_WARN_UNREACHABLE_CODE = YES;
				CLANG_WARN__DUPLICATE_METHOD_MATCH = YES;
				COPY_PHASE_STRIP = NO;
				DEBUG_INFORMATION_FORMAT = dwarf;
				ENABLE_STRICT_OBJC_MSGSEND = YES;
				ENABLE_TESTABILITY = YES;
				GCC_C_LANGUAGE_STANDARD = gnu11;
				GCC_DYNAMIC_NO_PIC = NO;
				GCC_NO_COMMON_BLOCKS = YES;
				GCC_OPTIMIZATION_LEVEL = 0;
				GCC_PREPROCESSOR_DEFINITIONS = (
					"DEBUG=1",
					"$(inherited)",
				);
				GCC_WARN_64_TO_32_BIT_CONVERSION = YES;
				GCC_WARN_ABOUT_RETURN_TYPE = YES_ERROR;
				GCC_WARN_UNDECLARED_SELECTOR = YES;
				GCC_WARN_UNINITIALIZED_AUTOS = YES_AGGRESSIVE;
				GCC_WARN_UNUSED_FUNCTION = YES;
				GCC_WARN_UNUSED_VARIABLE = YES;
				IPHONEOS_DEPLOYMENT_TARGET = 14.3;
				MTL_ENABLE_DEBUG_INFO = INCLUDE_SOURCE;
				MTL_FAST_MATH = YES;
				ONLY_ACTIVE_ARCH = YES;
				SDKROOT = iphoneos;
				SWIFT_ACTIVE_COMPILATION_CONDITIONS = DEBUG;
				SWIFT_OPTIMIZATION_LEVEL = "-Onone";
			};
			name = Debug;
		};
		A528FB6625BB581100A61ACF /* Release */ = {
			isa = XCBuildConfiguration;
			buildSettings = {
				ALWAYS_SEARCH_USER_PATHS = NO;
				CLANG_ANALYZER_NONNULL = YES;
				CLANG_ANALYZER_NUMBER_OBJECT_CONVERSION = YES_AGGRESSIVE;
				CLANG_CXX_LANGUAGE_STANDARD = "gnu++14";
				CLANG_CXX_LIBRARY = "libc++";
				CLANG_ENABLE_MODULES = YES;
				CLANG_ENABLE_OBJC_ARC = YES;
				CLANG_ENABLE_OBJC_WEAK = YES;
				CLANG_WARN_BLOCK_CAPTURE_AUTORELEASING = YES;
				CLANG_WARN_BOOL_CONVERSION = YES;
				CLANG_WARN_COMMA = YES;
				CLANG_WARN_CONSTANT_CONVERSION = YES;
				CLANG_WARN_DEPRECATED_OBJC_IMPLEMENTATIONS = YES;
				CLANG_WARN_DIRECT_OBJC_ISA_USAGE = YES_ERROR;
				CLANG_WARN_DOCUMENTATION_COMMENTS = YES;
				CLANG_WARN_EMPTY_BODY = YES;
				CLANG_WARN_ENUM_CONVERSION = YES;
				CLANG_WARN_INFINITE_RECURSION = YES;
				CLANG_WARN_INT_CONVERSION = YES;
				CLANG_WARN_NON_LITERAL_NULL_CONVERSION = YES;
				CLANG_WARN_OBJC_IMPLICIT_RETAIN_SELF = YES;
				CLANG_WARN_OBJC_LITERAL_CONVERSION = YES;
				CLANG_WARN_OBJC_ROOT_CLASS = YES_ERROR;
				CLANG_WARN_QUOTED_INCLUDE_IN_FRAMEWORK_HEADER = YES;
				CLANG_WARN_RANGE_LOOP_ANALYSIS = YES;
				CLANG_WARN_STRICT_PROTOTYPES = YES;
				CLANG_WARN_SUSPICIOUS_MOVE = YES;
				CLANG_WARN_UNGUARDED_AVAILABILITY = YES_AGGRESSIVE;
				CLANG_WARN_UNREACHABLE_CODE = YES;
				CLANG_WARN__DUPLICATE_METHOD_MATCH = YES;
				COPY_PHASE_STRIP = NO;
				DEBUG_INFORMATION_FORMAT = "dwarf-with-dsym";
				ENABLE_NS_ASSERTIONS = NO;
				ENABLE_STRICT_OBJC_MSGSEND = YES;
				GCC_C_LANGUAGE_STANDARD = gnu11;
				GCC_NO_COMMON_BLOCKS = YES;
				GCC_WARN_64_TO_32_BIT_CONVERSION = YES;
				GCC_WARN_ABOUT_RETURN_TYPE = YES_ERROR;
				GCC_WARN_UNDECLARED_SELECTOR = YES;
				GCC_WARN_UNINITIALIZED_AUTOS = YES_AGGRESSIVE;
				GCC_WARN_UNUSED_FUNCTION = YES;
				GCC_WARN_UNUSED_VARIABLE = YES;
				IPHONEOS_DEPLOYMENT_TARGET = 14.3;
				MTL_ENABLE_DEBUG_INFO = NO;
				MTL_FAST_MATH = YES;
				SDKROOT = iphoneos;
				SWIFT_COMPILATION_MODE = wholemodule;
				SWIFT_OPTIMIZATION_LEVEL = "-O";
				VALIDATE_PRODUCT = YES;
			};
			name = Release;
		};
		A528FB6825BB581100A61ACF /* Debug */ = {
			isa = XCBuildConfiguration;
			buildSettings = {
				ASSETCATALOG_COMPILER_APPICON_NAME = AppIcon;
				ASSETCATALOG_COMPILER_GLOBAL_ACCENT_COLOR_NAME = AccentColor;
				CODE_SIGN_STYLE = Automatic;
				DEVELOPMENT_TEAM = J82BJU9VJY;
				INFOPLIST_FILE = AlbumViewer/Info.plist;
				LD_RUNPATH_SEARCH_PATHS = (
					"$(inherited)",
					"@executable_path/Frameworks",
				);
				PRODUCT_BUNDLE_IDENTIFIER = fr.test.AlbumViewer;
				PRODUCT_NAME = "$(TARGET_NAME)";
				SWIFT_VERSION = 5.0;
				TARGETED_DEVICE_FAMILY = "1,2";
			};
			name = Debug;
		};
		A528FB6925BB581100A61ACF /* Release */ = {
			isa = XCBuildConfiguration;
			buildSettings = {
				ASSETCATALOG_COMPILER_APPICON_NAME = AppIcon;
				ASSETCATALOG_COMPILER_GLOBAL_ACCENT_COLOR_NAME = AccentColor;
				CODE_SIGN_STYLE = Automatic;
				DEVELOPMENT_TEAM = J82BJU9VJY;
				INFOPLIST_FILE = AlbumViewer/Info.plist;
				LD_RUNPATH_SEARCH_PATHS = (
					"$(inherited)",
					"@executable_path/Frameworks",
				);
				PRODUCT_BUNDLE_IDENTIFIER = fr.test.AlbumViewer;
				PRODUCT_NAME = "$(TARGET_NAME)";
				SWIFT_VERSION = 5.0;
				TARGETED_DEVICE_FAMILY = "1,2";
			};
			name = Release;
		};
		A528FB6B25BB581100A61ACF /* Debug */ = {
			isa = XCBuildConfiguration;
			buildSettings = {
				ALWAYS_EMBED_SWIFT_STANDARD_LIBRARIES = YES;
				BUNDLE_LOADER = "$(TEST_HOST)";
				CODE_SIGN_STYLE = Automatic;
				DEVELOPMENT_TEAM = J82BJU9VJY;
				INFOPLIST_FILE = AlbumViewerTests/Info.plist;
				IPHONEOS_DEPLOYMENT_TARGET = 14.3;
				LD_RUNPATH_SEARCH_PATHS = (
					"$(inherited)",
					"@executable_path/Frameworks",
					"@loader_path/Frameworks",
				);
				PRODUCT_BUNDLE_IDENTIFIER = fr.test.AlbumViewerTests;
				PRODUCT_NAME = "$(TARGET_NAME)";
				SWIFT_VERSION = 5.0;
				TARGETED_DEVICE_FAMILY = "1,2";
				TEST_HOST = "$(BUILT_PRODUCTS_DIR)/AlbumViewer.app/AlbumViewer";
			};
			name = Debug;
		};
		A528FB6C25BB581100A61ACF /* Release */ = {
			isa = XCBuildConfiguration;
			buildSettings = {
				ALWAYS_EMBED_SWIFT_STANDARD_LIBRARIES = YES;
				BUNDLE_LOADER = "$(TEST_HOST)";
				CODE_SIGN_STYLE = Automatic;
				DEVELOPMENT_TEAM = J82BJU9VJY;
				INFOPLIST_FILE = AlbumViewerTests/Info.plist;
				IPHONEOS_DEPLOYMENT_TARGET = 14.3;
				LD_RUNPATH_SEARCH_PATHS = (
					"$(inherited)",
					"@executable_path/Frameworks",
					"@loader_path/Frameworks",
				);
				PRODUCT_BUNDLE_IDENTIFIER = fr.test.AlbumViewerTests;
				PRODUCT_NAME = "$(TARGET_NAME)";
				SWIFT_VERSION = 5.0;
				TARGETED_DEVICE_FAMILY = "1,2";
				TEST_HOST = "$(BUILT_PRODUCTS_DIR)/AlbumViewer.app/AlbumViewer";
			};
			name = Release;
		};
		A528FB6E25BB581100A61ACF /* Debug */ = {
			isa = XCBuildConfiguration;
			buildSettings = {
				ALWAYS_EMBED_SWIFT_STANDARD_LIBRARIES = YES;
				CODE_SIGN_STYLE = Automatic;
				DEVELOPMENT_TEAM = J82BJU9VJY;
				INFOPLIST_FILE = AlbumViewerUITests/Info.plist;
				LD_RUNPATH_SEARCH_PATHS = (
					"$(inherited)",
					"@executable_path/Frameworks",
					"@loader_path/Frameworks",
				);
				PRODUCT_BUNDLE_IDENTIFIER = fr.test.AlbumViewerUITests;
				PRODUCT_NAME = "$(TARGET_NAME)";
				SWIFT_VERSION = 5.0;
				TARGETED_DEVICE_FAMILY = "1,2";
				TEST_TARGET_NAME = AlbumViewer;
			};
			name = Debug;
		};
		A528FB6F25BB581100A61ACF /* Release */ = {
			isa = XCBuildConfiguration;
			buildSettings = {
				ALWAYS_EMBED_SWIFT_STANDARD_LIBRARIES = YES;
				CODE_SIGN_STYLE = Automatic;
				DEVELOPMENT_TEAM = J82BJU9VJY;
				INFOPLIST_FILE = AlbumViewerUITests/Info.plist;
				LD_RUNPATH_SEARCH_PATHS = (
					"$(inherited)",
					"@executable_path/Frameworks",
					"@loader_path/Frameworks",
				);
				PRODUCT_BUNDLE_IDENTIFIER = fr.test.AlbumViewerUITests;
				PRODUCT_NAME = "$(TARGET_NAME)";
				SWIFT_VERSION = 5.0;
				TARGETED_DEVICE_FAMILY = "1,2";
				TEST_TARGET_NAME = AlbumViewer;
			};
			name = Release;
		};
/* End XCBuildConfiguration section */

/* Begin XCConfigurationList section */
		A528FB3825BB581000A61ACF /* Build configuration list for PBXProject "AlbumViewer" */ = {
			isa = XCConfigurationList;
			buildConfigurations = (
				A528FB6525BB581100A61ACF /* Debug */,
				A528FB6625BB581100A61ACF /* Release */,
			);
			defaultConfigurationIsVisible = 0;
			defaultConfigurationName = Release;
		};
		A528FB6725BB581100A61ACF /* Build configuration list for PBXNativeTarget "AlbumViewer" */ = {
			isa = XCConfigurationList;
			buildConfigurations = (
				A528FB6825BB581100A61ACF /* Debug */,
				A528FB6925BB581100A61ACF /* Release */,
			);
			defaultConfigurationIsVisible = 0;
			defaultConfigurationName = Release;
		};
		A528FB6A25BB581100A61ACF /* Build configuration list for PBXNativeTarget "AlbumViewerTests" */ = {
			isa = XCConfigurationList;
			buildConfigurations = (
				A528FB6B25BB581100A61ACF /* Debug */,
				A528FB6C25BB581100A61ACF /* Release */,
			);
			defaultConfigurationIsVisible = 0;
			defaultConfigurationName = Release;
		};
		A528FB6D25BB581100A61ACF /* Build configuration list for PBXNativeTarget "AlbumViewerUITests" */ = {
			isa = XCConfigurationList;
			buildConfigurations = (
				A528FB6E25BB581100A61ACF /* Debug */,
				A528FB6F25BB581100A61ACF /* Release */,
			);
			defaultConfigurationIsVisible = 0;
			defaultConfigurationName = Release;
		};
/* End XCConfigurationList section */
	};
	rootObject = A528FB3525BB581000A61ACF /* Project object */;
}
